// !$*UTF8*$!
{
	archiveVersion = 1;
	classes = {
	};
	objectVersion = 56;
	objects = {

/* Begin PBXBuildFile section */
		2BB1AA122BFDA9A300BF31B8 /* UserShift.swift in Sources */ = {isa = PBXBuildFile; fileRef = 2BB1AA112BFDA9A300BF31B8 /* UserShift.swift */; };
		2BB1AA142BFDAA4F00BF31B8 /* MainMenuView.swift in Sources */ = {isa = PBXBuildFile; fileRef = 2BB1AA132BFDAA4F00BF31B8 /* MainMenuView.swift */; };
		2BB1AA162BFDB99900BF31B8 /* OnBoardingView.swift in Sources */ = {isa = PBXBuildFile; fileRef = 2BB1AA152BFDB99900BF31B8 /* OnBoardingView.swift */; };
		2BB1AA5E2C033C4700BF31B8 /* Time.swift in Sources */ = {isa = PBXBuildFile; fileRef = 2BB1AA5D2C033C4700BF31B8 /* Time.swift */; };
		2BBE37CA2BF1F4620026DDBA /* BasicWatchApp.swift in Sources */ = {isa = PBXBuildFile; fileRef = 2BBE37C92BF1F4620026DDBA /* BasicWatchApp.swift */; };
		2BBE37CC2BF1F4620026DDBA /* ContentView.swift in Sources */ = {isa = PBXBuildFile; fileRef = 2BBE37CB2BF1F4620026DDBA /* ContentView.swift */; };
		2BBE37CE2BF1F4630026DDBA /* Assets.xcassets in Resources */ = {isa = PBXBuildFile; fileRef = 2BBE37CD2BF1F4630026DDBA /* Assets.xcassets */; };
		2BBE37D12BF1F4630026DDBA /* Preview Assets.xcassets in Resources */ = {isa = PBXBuildFile; fileRef = 2BBE37D02BF1F4630026DDBA /* Preview Assets.xcassets */; };
		2BBE37DB2BF1F4630026DDBA /* BasicWatch_Watch_AppTests.swift in Sources */ = {isa = PBXBuildFile; fileRef = 2BBE37DA2BF1F4630026DDBA /* BasicWatch_Watch_AppTests.swift */; };
		2BBE37E52BF1F4630026DDBA /* BasicWatch_Watch_AppUITests.swift in Sources */ = {isa = PBXBuildFile; fileRef = 2BBE37E42BF1F4630026DDBA /* BasicWatch_Watch_AppUITests.swift */; };
		2BBE37E72BF1F4630026DDBA /* BasicWatch_Watch_AppUITestsLaunchTests.swift in Sources */ = {isa = PBXBuildFile; fileRef = 2BBE37E62BF1F4630026DDBA /* BasicWatch_Watch_AppUITestsLaunchTests.swift */; };
/* End PBXBuildFile section */

/* Begin PBXContainerItemProxy section */
		2B3691AA2BFB4E7000203F7C /* PBXContainerItemProxy */ = {
			isa = PBXContainerItemProxy;
			containerPortal = 2BBE37BE2BF1F4620026DDBA /* Project object */;
			proxyType = 1;
			remoteGlobalIDString = 2B3691972BFB4E6E00203F7C;
			remoteInfo = ReminderCico;
		};
		2B3691B42BFB4E7000203F7C /* PBXContainerItemProxy */ = {
			isa = PBXContainerItemProxy;
			containerPortal = 2BBE37BE2BF1F4620026DDBA /* Project object */;
			proxyType = 1;
			remoteGlobalIDString = 2B3691972BFB4E6E00203F7C;
			remoteInfo = ReminderCico;
		};
		2BBE37D72BF1F4630026DDBA /* PBXContainerItemProxy */ = {
			isa = PBXContainerItemProxy;
			containerPortal = 2BBE37BE2BF1F4620026DDBA /* Project object */;
			proxyType = 1;
			remoteGlobalIDString = 2BBE37C52BF1F4620026DDBA;
			remoteInfo = "BasicWatch Watch App";
		};
		2BBE37E12BF1F4630026DDBA /* PBXContainerItemProxy */ = {
			isa = PBXContainerItemProxy;
			containerPortal = 2BBE37BE2BF1F4620026DDBA /* Project object */;
			proxyType = 1;
			remoteGlobalIDString = 2BBE37C52BF1F4620026DDBA;
			remoteInfo = "BasicWatch Watch App";
		};
/* End PBXContainerItemProxy section */

/* Begin PBXCopyFilesBuildPhase section */
		2B7A3AF92BF3E4F30019F312 /* Embed Foundation Extensions */ = {
			isa = PBXCopyFilesBuildPhase;
			buildActionMask = 2147483647;
			dstPath = "";
			dstSubfolderSpec = 13;
			files = (
			);
			name = "Embed Foundation Extensions";
			runOnlyForDeploymentPostprocessing = 0;
		};
/* End PBXCopyFilesBuildPhase section */

/* Begin PBXFileReference section */
		2B3691982BFB4E6E00203F7C /* ReminderCico.app */ = {isa = PBXFileReference; explicitFileType = wrapper.application; includeInIndex = 0; path = ReminderCico.app; sourceTree = BUILT_PRODUCTS_DIR; };
		2B3691A92BFB4E7000203F7C /* ReminderCicoTests.xctest */ = {isa = PBXFileReference; explicitFileType = wrapper.cfbundle; includeInIndex = 0; path = ReminderCicoTests.xctest; sourceTree = BUILT_PRODUCTS_DIR; };
		2B3691B32BFB4E7000203F7C /* ReminderCicoUITests.xctest */ = {isa = PBXFileReference; explicitFileType = wrapper.cfbundle; includeInIndex = 0; path = ReminderCicoUITests.xctest; sourceTree = BUILT_PRODUCTS_DIR; };
		2BB1A9D82BFD1B2E00BF31B8 /* BasicWatch-Watch-App-Info.plist */ = {isa = PBXFileReference; lastKnownFileType = text.plist; path = "BasicWatch-Watch-App-Info.plist"; sourceTree = SOURCE_ROOT; };
		2BB1AA112BFDA9A300BF31B8 /* UserShift.swift */ = {isa = PBXFileReference; lastKnownFileType = sourcecode.swift; path = UserShift.swift; sourceTree = "<group>"; };
		2BB1AA132BFDAA4F00BF31B8 /* MainMenuView.swift */ = {isa = PBXFileReference; lastKnownFileType = sourcecode.swift; path = MainMenuView.swift; sourceTree = "<group>"; };
		2BB1AA152BFDB99900BF31B8 /* OnBoardingView.swift */ = {isa = PBXFileReference; lastKnownFileType = sourcecode.swift; path = OnBoardingView.swift; sourceTree = "<group>"; };
		2BB1AA5D2C033C4700BF31B8 /* Time.swift */ = {isa = PBXFileReference; lastKnownFileType = sourcecode.swift; path = Time.swift; sourceTree = "<group>"; };
		2BBE37C62BF1F4620026DDBA /* BasicWatch Watch App.app */ = {isa = PBXFileReference; explicitFileType = wrapper.application; includeInIndex = 0; path = "BasicWatch Watch App.app"; sourceTree = BUILT_PRODUCTS_DIR; };
		2BBE37C92BF1F4620026DDBA /* BasicWatchApp.swift */ = {isa = PBXFileReference; lastKnownFileType = sourcecode.swift; path = BasicWatchApp.swift; sourceTree = "<group>"; };
		2BBE37CB2BF1F4620026DDBA /* ContentView.swift */ = {isa = PBXFileReference; lastKnownFileType = sourcecode.swift; path = ContentView.swift; sourceTree = "<group>"; };
		2BBE37CD2BF1F4630026DDBA /* Assets.xcassets */ = {isa = PBXFileReference; lastKnownFileType = folder.assetcatalog; path = Assets.xcassets; sourceTree = "<group>"; };
		2BBE37D02BF1F4630026DDBA /* Preview Assets.xcassets */ = {isa = PBXFileReference; lastKnownFileType = folder.assetcatalog; path = "Preview Assets.xcassets"; sourceTree = "<group>"; };
		2BBE37D62BF1F4630026DDBA /* BasicWatch Watch AppTests.xctest */ = {isa = PBXFileReference; explicitFileType = wrapper.cfbundle; includeInIndex = 0; path = "BasicWatch Watch AppTests.xctest"; sourceTree = BUILT_PRODUCTS_DIR; };
		2BBE37DA2BF1F4630026DDBA /* BasicWatch_Watch_AppTests.swift */ = {isa = PBXFileReference; lastKnownFileType = sourcecode.swift; path = BasicWatch_Watch_AppTests.swift; sourceTree = "<group>"; };
		2BBE37E02BF1F4630026DDBA /* BasicWatch Watch AppUITests.xctest */ = {isa = PBXFileReference; explicitFileType = wrapper.cfbundle; includeInIndex = 0; path = "BasicWatch Watch AppUITests.xctest"; sourceTree = BUILT_PRODUCTS_DIR; };
		2BBE37E42BF1F4630026DDBA /* BasicWatch_Watch_AppUITests.swift */ = {isa = PBXFileReference; lastKnownFileType = sourcecode.swift; path = BasicWatch_Watch_AppUITests.swift; sourceTree = "<group>"; };
		2BBE37E62BF1F4630026DDBA /* BasicWatch_Watch_AppUITestsLaunchTests.swift */ = {isa = PBXFileReference; lastKnownFileType = sourcecode.swift; path = BasicWatch_Watch_AppUITestsLaunchTests.swift; sourceTree = "<group>"; };
/* End PBXFileReference section */

/* Begin PBXFrameworksBuildPhase section */
		2B3691952BFB4E6E00203F7C /* Frameworks */ = {
			isa = PBXFrameworksBuildPhase;
			buildActionMask = 2147483647;
			files = (
			);
			runOnlyForDeploymentPostprocessing = 0;
		};
		2B3691A62BFB4E7000203F7C /* Frameworks */ = {
			isa = PBXFrameworksBuildPhase;
			buildActionMask = 2147483647;
			files = (
			);
			runOnlyForDeploymentPostprocessing = 0;
		};
		2B3691B02BFB4E7000203F7C /* Frameworks */ = {
			isa = PBXFrameworksBuildPhase;
			buildActionMask = 2147483647;
			files = (
			);
			runOnlyForDeploymentPostprocessing = 0;
		};
		2BBE37C32BF1F4620026DDBA /* Frameworks */ = {
			isa = PBXFrameworksBuildPhase;
			buildActionMask = 2147483647;
			files = (
			);
			runOnlyForDeploymentPostprocessing = 0;
		};
		2BBE37D32BF1F4630026DDBA /* Frameworks */ = {
			isa = PBXFrameworksBuildPhase;
			buildActionMask = 2147483647;
			files = (
			);
			runOnlyForDeploymentPostprocessing = 0;
		};
		2BBE37DD2BF1F4630026DDBA /* Frameworks */ = {
			isa = PBXFrameworksBuildPhase;
			buildActionMask = 2147483647;
			files = (
			);
			runOnlyForDeploymentPostprocessing = 0;
		};
/* End PBXFrameworksBuildPhase section */

/* Begin PBXGroup section */
		2BB1AA5A2C03254400BF31B8 /* view */ = {
			isa = PBXGroup;
			children = (
				2BB1AA152BFDB99900BF31B8 /* OnBoardingView.swift */,
				2BB1AA132BFDAA4F00BF31B8 /* MainMenuView.swift */,
				2BBE37CB2BF1F4620026DDBA /* ContentView.swift */,
			);
			path = view;
			sourceTree = "<group>";
		};
		2BB1AA5C2C03264700BF31B8 /* model */ = {
			isa = PBXGroup;
			children = (
				2BB1AA112BFDA9A300BF31B8 /* UserShift.swift */,
			);
			path = model;
			sourceTree = "<group>";
		};
		2BB1AA602C033C7000BF31B8 /* Helper */ = {
			isa = PBXGroup;
			children = (
				2BB1AA5D2C033C4700BF31B8 /* Time.swift */,
			);
			path = Helper;
			sourceTree = "<group>";
		};
		2BBE37BD2BF1F4620026DDBA = {
			isa = PBXGroup;
			children = (
				2BBE37C82BF1F4620026DDBA /* BasicWatch Watch App */,
				2BBE37D92BF1F4630026DDBA /* BasicWatch Watch AppTests */,
				2BBE37E32BF1F4630026DDBA /* BasicWatch Watch AppUITests */,
				2BBE37C72BF1F4620026DDBA /* Products */,
			);
			sourceTree = "<group>";
		};
		2BBE37C72BF1F4620026DDBA /* Products */ = {
			isa = PBXGroup;
			children = (
				2BBE37C62BF1F4620026DDBA /* BasicWatch Watch App.app */,
				2BBE37D62BF1F4630026DDBA /* BasicWatch Watch AppTests.xctest */,
				2BBE37E02BF1F4630026DDBA /* BasicWatch Watch AppUITests.xctest */,
				2B3691982BFB4E6E00203F7C /* ReminderCico.app */,
				2B3691A92BFB4E7000203F7C /* ReminderCicoTests.xctest */,
				2B3691B32BFB4E7000203F7C /* ReminderCicoUITests.xctest */,
			);
			name = Products;
			sourceTree = "<group>";
		};
		2BBE37C82BF1F4620026DDBA /* BasicWatch Watch App */ = {
			isa = PBXGroup;
			children = (
				2BB1A9D82BFD1B2E00BF31B8 /* BasicWatch-Watch-App-Info.plist */,
				2BBE37C92BF1F4620026DDBA /* BasicWatchApp.swift */,
				2BB1AA5A2C03254400BF31B8 /* view */,
				2BB1AA5C2C03264700BF31B8 /* model */,
				2BB1AA602C033C7000BF31B8 /* Helper */,
				2BBE37CD2BF1F4630026DDBA /* Assets.xcassets */,
				2BBE37CF2BF1F4630026DDBA /* Preview Content */,
			);
			path = "BasicWatch Watch App";
			sourceTree = "<group>";
		};
		2BBE37CF2BF1F4630026DDBA /* Preview Content */ = {
			isa = PBXGroup;
			children = (
				2BBE37D02BF1F4630026DDBA /* Preview Assets.xcassets */,
			);
			path = "Preview Content";
			sourceTree = "<group>";
		};
		2BBE37D92BF1F4630026DDBA /* BasicWatch Watch AppTests */ = {
			isa = PBXGroup;
			children = (
				2BBE37DA2BF1F4630026DDBA /* BasicWatch_Watch_AppTests.swift */,
			);
			path = "BasicWatch Watch AppTests";
			sourceTree = "<group>";
		};
		2BBE37E32BF1F4630026DDBA /* BasicWatch Watch AppUITests */ = {
			isa = PBXGroup;
			children = (
				2BBE37E42BF1F4630026DDBA /* BasicWatch_Watch_AppUITests.swift */,
				2BBE37E62BF1F4630026DDBA /* BasicWatch_Watch_AppUITestsLaunchTests.swift */,
			);
			path = "BasicWatch Watch AppUITests";
			sourceTree = "<group>";
		};
/* End PBXGroup section */

/* Begin PBXNativeTarget section */
		2B3691972BFB4E6E00203F7C /* ReminderCico */ = {
			isa = PBXNativeTarget;
			buildConfigurationList = 2B3691BB2BFB4E7000203F7C /* Build configuration list for PBXNativeTarget "ReminderCico" */;
			buildPhases = (
				2B3691942BFB4E6E00203F7C /* Sources */,
				2B3691952BFB4E6E00203F7C /* Frameworks */,
				2B3691962BFB4E6E00203F7C /* Resources */,
			);
			buildRules = (
			);
			dependencies = (
			);
			name = ReminderCico;
			productName = ReminderCico;
			productReference = 2B3691982BFB4E6E00203F7C /* ReminderCico.app */;
			productType = "com.apple.product-type.application";
		};
		2B3691A82BFB4E7000203F7C /* ReminderCicoTests */ = {
			isa = PBXNativeTarget;
			buildConfigurationList = 2B3691BE2BFB4E7000203F7C /* Build configuration list for PBXNativeTarget "ReminderCicoTests" */;
			buildPhases = (
				2B3691A52BFB4E7000203F7C /* Sources */,
				2B3691A62BFB4E7000203F7C /* Frameworks */,
				2B3691A72BFB4E7000203F7C /* Resources */,
			);
			buildRules = (
			);
			dependencies = (
				2B3691AB2BFB4E7000203F7C /* PBXTargetDependency */,
			);
			name = ReminderCicoTests;
			productName = ReminderCicoTests;
			productReference = 2B3691A92BFB4E7000203F7C /* ReminderCicoTests.xctest */;
			productType = "com.apple.product-type.bundle.unit-test";
		};
		2B3691B22BFB4E7000203F7C /* ReminderCicoUITests */ = {
			isa = PBXNativeTarget;
			buildConfigurationList = 2B3691C12BFB4E7000203F7C /* Build configuration list for PBXNativeTarget "ReminderCicoUITests" */;
			buildPhases = (
				2B3691AF2BFB4E7000203F7C /* Sources */,
				2B3691B02BFB4E7000203F7C /* Frameworks */,
				2B3691B12BFB4E7000203F7C /* Resources */,
			);
			buildRules = (
			);
			dependencies = (
				2B3691B52BFB4E7000203F7C /* PBXTargetDependency */,
			);
			name = ReminderCicoUITests;
			productName = ReminderCicoUITests;
			productReference = 2B3691B32BFB4E7000203F7C /* ReminderCicoUITests.xctest */;
			productType = "com.apple.product-type.bundle.ui-testing";
		};
		2BBE37C52BF1F4620026DDBA /* BasicWatch Watch App */ = {
			isa = PBXNativeTarget;
			buildConfigurationList = 2BBE37EA2BF1F4630026DDBA /* Build configuration list for PBXNativeTarget "BasicWatch Watch App" */;
			buildPhases = (
				2BBE37C22BF1F4620026DDBA /* Sources */,
				2BBE37C32BF1F4620026DDBA /* Frameworks */,
				2BBE37C42BF1F4620026DDBA /* Resources */,
				2B7A3AF92BF3E4F30019F312 /* Embed Foundation Extensions */,
			);
			buildRules = (
			);
			dependencies = (
			);
			name = "BasicWatch Watch App";
			productName = "BasicWatch Watch App";
			productReference = 2BBE37C62BF1F4620026DDBA /* BasicWatch Watch App.app */;
			productType = "com.apple.product-type.application";
		};
		2BBE37D52BF1F4630026DDBA /* BasicWatch Watch AppTests */ = {
			isa = PBXNativeTarget;
			buildConfigurationList = 2BBE37ED2BF1F4630026DDBA /* Build configuration list for PBXNativeTarget "BasicWatch Watch AppTests" */;
			buildPhases = (
				2BBE37D22BF1F4630026DDBA /* Sources */,
				2BBE37D32BF1F4630026DDBA /* Frameworks */,
				2BBE37D42BF1F4630026DDBA /* Resources */,
			);
			buildRules = (
			);
			dependencies = (
				2BBE37D82BF1F4630026DDBA /* PBXTargetDependency */,
			);
			name = "BasicWatch Watch AppTests";
			productName = "BasicWatch Watch AppTests";
			productReference = 2BBE37D62BF1F4630026DDBA /* BasicWatch Watch AppTests.xctest */;
			productType = "com.apple.product-type.bundle.unit-test";
		};
		2BBE37DF2BF1F4630026DDBA /* BasicWatch Watch AppUITests */ = {
			isa = PBXNativeTarget;
			buildConfigurationList = 2BBE37F02BF1F4630026DDBA /* Build configuration list for PBXNativeTarget "BasicWatch Watch AppUITests" */;
			buildPhases = (
				2BBE37DC2BF1F4630026DDBA /* Sources */,
				2BBE37DD2BF1F4630026DDBA /* Frameworks */,
				2BBE37DE2BF1F4630026DDBA /* Resources */,
			);
			buildRules = (
			);
			dependencies = (
				2BBE37E22BF1F4630026DDBA /* PBXTargetDependency */,
			);
			name = "BasicWatch Watch AppUITests";
			productName = "BasicWatch Watch AppUITests";
			productReference = 2BBE37E02BF1F4630026DDBA /* BasicWatch Watch AppUITests.xctest */;
			productType = "com.apple.product-type.bundle.ui-testing";
		};
/* End PBXNativeTarget section */

/* Begin PBXProject section */
		2BBE37BE2BF1F4620026DDBA /* Project object */ = {
			isa = PBXProject;
			attributes = {
				BuildIndependentTargetsInParallel = 1;
				LastSwiftUpdateCheck = 1540;
				LastUpgradeCheck = 1540;
				TargetAttributes = {
					2B3691972BFB4E6E00203F7C = {
						CreatedOnToolsVersion = 15.4;
					};
					2B3691A82BFB4E7000203F7C = {
						CreatedOnToolsVersion = 15.4;
						TestTargetID = 2B3691972BFB4E6E00203F7C;
					};
					2B3691B22BFB4E7000203F7C = {
						CreatedOnToolsVersion = 15.4;
						TestTargetID = 2B3691972BFB4E6E00203F7C;
					};
					2BBE37C52BF1F4620026DDBA = {
						CreatedOnToolsVersion = 15.3;
					};
					2BBE37D52BF1F4630026DDBA = {
						CreatedOnToolsVersion = 15.3;
						TestTargetID = 2BBE37C52BF1F4620026DDBA;
					};
					2BBE37DF2BF1F4630026DDBA = {
						CreatedOnToolsVersion = 15.3;
						TestTargetID = 2BBE37C52BF1F4620026DDBA;
					};
				};
			};
			buildConfigurationList = 2BBE37C12BF1F4620026DDBA /* Build configuration list for PBXProject "BasicWatch" */;
			compatibilityVersion = "Xcode 14.0";
			developmentRegion = en;
			hasScannedForEncodings = 0;
			knownRegions = (
				en,
				Base,
			);
			mainGroup = 2BBE37BD2BF1F4620026DDBA;
			productRefGroup = 2BBE37C72BF1F4620026DDBA /* Products */;
			projectDirPath = "";
			projectRoot = "";
			targets = (
				2BBE37C52BF1F4620026DDBA /* BasicWatch Watch App */,
				2BBE37D52BF1F4630026DDBA /* BasicWatch Watch AppTests */,
				2BBE37DF2BF1F4630026DDBA /* BasicWatch Watch AppUITests */,
				2B3691972BFB4E6E00203F7C /* ReminderCico */,
				2B3691A82BFB4E7000203F7C /* ReminderCicoTests */,
				2B3691B22BFB4E7000203F7C /* ReminderCicoUITests */,
			);
		};
/* End PBXProject section */

/* Begin PBXResourcesBuildPhase section */
		2B3691962BFB4E6E00203F7C /* Resources */ = {
			isa = PBXResourcesBuildPhase;
			buildActionMask = 2147483647;
			files = (
			);
			runOnlyForDeploymentPostprocessing = 0;
		};
		2B3691A72BFB4E7000203F7C /* Resources */ = {
			isa = PBXResourcesBuildPhase;
			buildActionMask = 2147483647;
			files = (
			);
			runOnlyForDeploymentPostprocessing = 0;
		};
		2B3691B12BFB4E7000203F7C /* Resources */ = {
			isa = PBXResourcesBuildPhase;
			buildActionMask = 2147483647;
			files = (
			);
			runOnlyForDeploymentPostprocessing = 0;
		};
		2BBE37C42BF1F4620026DDBA /* Resources */ = {
			isa = PBXResourcesBuildPhase;
			buildActionMask = 2147483647;
			files = (
				2BBE37D12BF1F4630026DDBA /* Preview Assets.xcassets in Resources */,
				2BBE37CE2BF1F4630026DDBA /* Assets.xcassets in Resources */,
			);
			runOnlyForDeploymentPostprocessing = 0;
		};
		2BBE37D42BF1F4630026DDBA /* Resources */ = {
			isa = PBXResourcesBuildPhase;
			buildActionMask = 2147483647;
			files = (
			);
			runOnlyForDeploymentPostprocessing = 0;
		};
		2BBE37DE2BF1F4630026DDBA /* Resources */ = {
			isa = PBXResourcesBuildPhase;
			buildActionMask = 2147483647;
			files = (
			);
			runOnlyForDeploymentPostprocessing = 0;
		};
/* End PBXResourcesBuildPhase section */

/* Begin PBXSourcesBuildPhase section */
		2B3691942BFB4E6E00203F7C /* Sources */ = {
			isa = PBXSourcesBuildPhase;
			buildActionMask = 2147483647;
			files = (
			);
			runOnlyForDeploymentPostprocessing = 0;
		};
		2B3691A52BFB4E7000203F7C /* Sources */ = {
			isa = PBXSourcesBuildPhase;
			buildActionMask = 2147483647;
			files = (
			);
			runOnlyForDeploymentPostprocessing = 0;
		};
		2B3691AF2BFB4E7000203F7C /* Sources */ = {
			isa = PBXSourcesBuildPhase;
			buildActionMask = 2147483647;
			files = (
			);
			runOnlyForDeploymentPostprocessing = 0;
		};
		2BBE37C22BF1F4620026DDBA /* Sources */ = {
			isa = PBXSourcesBuildPhase;
			buildActionMask = 2147483647;
			files = (
				2BB1AA5E2C033C4700BF31B8 /* Time.swift in Sources */,
				2BBE37CC2BF1F4620026DDBA /* ContentView.swift in Sources */,
				2BB1AA122BFDA9A300BF31B8 /* UserShift.swift in Sources */,
				2BBE37CA2BF1F4620026DDBA /* BasicWatchApp.swift in Sources */,
				2BB1AA162BFDB99900BF31B8 /* OnBoardingView.swift in Sources */,
				2BB1AA142BFDAA4F00BF31B8 /* MainMenuView.swift in Sources */,
			);
			runOnlyForDeploymentPostprocessing = 0;
		};
		2BBE37D22BF1F4630026DDBA /* Sources */ = {
			isa = PBXSourcesBuildPhase;
			buildActionMask = 2147483647;
			files = (
				2BBE37DB2BF1F4630026DDBA /* BasicWatch_Watch_AppTests.swift in Sources */,
			);
			runOnlyForDeploymentPostprocessing = 0;
		};
		2BBE37DC2BF1F4630026DDBA /* Sources */ = {
			isa = PBXSourcesBuildPhase;
			buildActionMask = 2147483647;
			files = (
				2BBE37E52BF1F4630026DDBA /* BasicWatch_Watch_AppUITests.swift in Sources */,
				2BBE37E72BF1F4630026DDBA /* BasicWatch_Watch_AppUITestsLaunchTests.swift in Sources */,
			);
			runOnlyForDeploymentPostprocessing = 0;
		};
/* End PBXSourcesBuildPhase section */

/* Begin PBXTargetDependency section */
		2B3691AB2BFB4E7000203F7C /* PBXTargetDependency */ = {
			isa = PBXTargetDependency;
			target = 2B3691972BFB4E6E00203F7C /* ReminderCico */;
			targetProxy = 2B3691AA2BFB4E7000203F7C /* PBXContainerItemProxy */;
		};
		2B3691B52BFB4E7000203F7C /* PBXTargetDependency */ = {
			isa = PBXTargetDependency;
			target = 2B3691972BFB4E6E00203F7C /* ReminderCico */;
			targetProxy = 2B3691B42BFB4E7000203F7C /* PBXContainerItemProxy */;
		};
		2BBE37D82BF1F4630026DDBA /* PBXTargetDependency */ = {
			isa = PBXTargetDependency;
			target = 2BBE37C52BF1F4620026DDBA /* BasicWatch Watch App */;
			targetProxy = 2BBE37D72BF1F4630026DDBA /* PBXContainerItemProxy */;
		};
		2BBE37E22BF1F4630026DDBA /* PBXTargetDependency */ = {
			isa = PBXTargetDependency;
			target = 2BBE37C52BF1F4620026DDBA /* BasicWatch Watch App */;
			targetProxy = 2BBE37E12BF1F4630026DDBA /* PBXContainerItemProxy */;
		};
/* End PBXTargetDependency section */

/* Begin XCBuildConfiguration section */
		2B3691BC2BFB4E7000203F7C /* Debug */ = {
			isa = XCBuildConfiguration;
			buildSettings = {
				ASSETCATALOG_COMPILER_APPICON_NAME = AppIcon;
				ASSETCATALOG_COMPILER_GLOBAL_ACCENT_COLOR_NAME = AccentColor;
				CODE_SIGN_STYLE = Automatic;
				CURRENT_PROJECT_VERSION = 1;
				DEVELOPMENT_ASSET_PATHS = "\"ReminderCico/Preview Content\"";
				DEVELOPMENT_TEAM = N2K3R4X37B;
				ENABLE_PREVIEWS = YES;
				GENERATE_INFOPLIST_FILE = YES;
				INFOPLIST_KEY_UIApplicationSceneManifest_Generation = YES;
				INFOPLIST_KEY_UIApplicationSupportsIndirectInputEvents = YES;
				INFOPLIST_KEY_UILaunchScreen_Generation = YES;
				INFOPLIST_KEY_UISupportedInterfaceOrientations_iPad = "UIInterfaceOrientationPortrait UIInterfaceOrientationPortraitUpsideDown UIInterfaceOrientationLandscapeLeft UIInterfaceOrientationLandscapeRight";
				INFOPLIST_KEY_UISupportedInterfaceOrientations_iPhone = "UIInterfaceOrientationPortrait UIInterfaceOrientationLandscapeLeft UIInterfaceOrientationLandscapeRight";
				IPHONEOS_DEPLOYMENT_TARGET = 17.5;
				LD_RUNPATH_SEARCH_PATHS = (
					"$(inherited)",
					"@executable_path/Frameworks",
				);
				MARKETING_VERSION = 1.0;
				PRODUCT_BUNDLE_IDENTIFIER = com.yourpet.ReminderCico;
				PRODUCT_NAME = "$(TARGET_NAME)";
				SDKROOT = iphoneos;
				SWIFT_EMIT_LOC_STRINGS = YES;
				SWIFT_VERSION = 5.0;
				TARGETED_DEVICE_FAMILY = "1,2";
			};
			name = Debug;
		};
		2B3691BD2BFB4E7000203F7C /* Release */ = {
			isa = XCBuildConfiguration;
			buildSettings = {
				ASSETCATALOG_COMPILER_APPICON_NAME = AppIcon;
				ASSETCATALOG_COMPILER_GLOBAL_ACCENT_COLOR_NAME = AccentColor;
				CODE_SIGN_STYLE = Automatic;
				CURRENT_PROJECT_VERSION = 1;
				DEVELOPMENT_ASSET_PATHS = "\"ReminderCico/Preview Content\"";
				DEVELOPMENT_TEAM = N2K3R4X37B;
				ENABLE_PREVIEWS = YES;
				GENERATE_INFOPLIST_FILE = YES;
				INFOPLIST_KEY_UIApplicationSceneManifest_Generation = YES;
				INFOPLIST_KEY_UIApplicationSupportsIndirectInputEvents = YES;
				INFOPLIST_KEY_UILaunchScreen_Generation = YES;
				INFOPLIST_KEY_UISupportedInterfaceOrientations_iPad = "UIInterfaceOrientationPortrait UIInterfaceOrientationPortraitUpsideDown UIInterfaceOrientationLandscapeLeft UIInterfaceOrientationLandscapeRight";
				INFOPLIST_KEY_UISupportedInterfaceOrientations_iPhone = "UIInterfaceOrientationPortrait UIInterfaceOrientationLandscapeLeft UIInterfaceOrientationLandscapeRight";
				IPHONEOS_DEPLOYMENT_TARGET = 17.5;
				LD_RUNPATH_SEARCH_PATHS = (
					"$(inherited)",
					"@executable_path/Frameworks",
				);
				MARKETING_VERSION = 1.0;
				PRODUCT_BUNDLE_IDENTIFIER = com.yourpet.ReminderCico;
				PRODUCT_NAME = "$(TARGET_NAME)";
				SDKROOT = iphoneos;
				SWIFT_EMIT_LOC_STRINGS = YES;
				SWIFT_VERSION = 5.0;
				TARGETED_DEVICE_FAMILY = "1,2";
				VALIDATE_PRODUCT = YES;
			};
			name = Release;
		};
		2B3691BF2BFB4E7000203F7C /* Debug */ = {
			isa = XCBuildConfiguration;
			buildSettings = {
				BUNDLE_LOADER = "$(TEST_HOST)";
				CODE_SIGN_STYLE = Automatic;
				CURRENT_PROJECT_VERSION = 1;
				DEVELOPMENT_TEAM = N2K3R4X37B;
				GENERATE_INFOPLIST_FILE = YES;
				IPHONEOS_DEPLOYMENT_TARGET = 17.5;
				MARKETING_VERSION = 1.0;
				PRODUCT_BUNDLE_IDENTIFIER = com.yourpet.ReminderCicoTests;
				PRODUCT_NAME = "$(TARGET_NAME)";
				SDKROOT = iphoneos;
				SWIFT_EMIT_LOC_STRINGS = NO;
				SWIFT_VERSION = 5.0;
				TARGETED_DEVICE_FAMILY = "1,2";
				TEST_HOST = "$(BUILT_PRODUCTS_DIR)/ReminderCico.app/$(BUNDLE_EXECUTABLE_FOLDER_PATH)/ReminderCico";
			};
			name = Debug;
		};
		2B3691C02BFB4E7000203F7C /* Release */ = {
			isa = XCBuildConfiguration;
			buildSettings = {
				BUNDLE_LOADER = "$(TEST_HOST)";
				CODE_SIGN_STYLE = Automatic;
				CURRENT_PROJECT_VERSION = 1;
				DEVELOPMENT_TEAM = N2K3R4X37B;
				GENERATE_INFOPLIST_FILE = YES;
				IPHONEOS_DEPLOYMENT_TARGET = 17.5;
				MARKETING_VERSION = 1.0;
				PRODUCT_BUNDLE_IDENTIFIER = com.yourpet.ReminderCicoTests;
				PRODUCT_NAME = "$(TARGET_NAME)";
				SDKROOT = iphoneos;
				SWIFT_EMIT_LOC_STRINGS = NO;
				SWIFT_VERSION = 5.0;
				TARGETED_DEVICE_FAMILY = "1,2";
				TEST_HOST = "$(BUILT_PRODUCTS_DIR)/ReminderCico.app/$(BUNDLE_EXECUTABLE_FOLDER_PATH)/ReminderCico";
				VALIDATE_PRODUCT = YES;
			};
			name = Release;
		};
		2B3691C22BFB4E7000203F7C /* Debug */ = {
			isa = XCBuildConfiguration;
			buildSettings = {
				CODE_SIGN_STYLE = Automatic;
				CURRENT_PROJECT_VERSION = 1;
				DEVELOPMENT_TEAM = N2K3R4X37B;
				GENERATE_INFOPLIST_FILE = YES;
				IPHONEOS_DEPLOYMENT_TARGET = 17.5;
				MARKETING_VERSION = 1.0;
				PRODUCT_BUNDLE_IDENTIFIER = com.yourpet.ReminderCicoUITests;
				PRODUCT_NAME = "$(TARGET_NAME)";
				SDKROOT = iphoneos;
				SWIFT_EMIT_LOC_STRINGS = NO;
				SWIFT_VERSION = 5.0;
				TARGETED_DEVICE_FAMILY = "1,2";
				TEST_TARGET_NAME = ReminderCico;
			};
			name = Debug;
		};
		2B3691C32BFB4E7000203F7C /* Release */ = {
			isa = XCBuildConfiguration;
			buildSettings = {
				CODE_SIGN_STYLE = Automatic;
				CURRENT_PROJECT_VERSION = 1;
				DEVELOPMENT_TEAM = N2K3R4X37B;
				GENERATE_INFOPLIST_FILE = YES;
				IPHONEOS_DEPLOYMENT_TARGET = 17.5;
				MARKETING_VERSION = 1.0;
				PRODUCT_BUNDLE_IDENTIFIER = com.yourpet.ReminderCicoUITests;
				PRODUCT_NAME = "$(TARGET_NAME)";
				SDKROOT = iphoneos;
				SWIFT_EMIT_LOC_STRINGS = NO;
				SWIFT_VERSION = 5.0;
				TARGETED_DEVICE_FAMILY = "1,2";
				TEST_TARGET_NAME = ReminderCico;
				VALIDATE_PRODUCT = YES;
			};
			name = Release;
		};
		2BBE37E82BF1F4630026DDBA /* Debug */ = {
			isa = XCBuildConfiguration;
			buildSettings = {
				ALWAYS_SEARCH_USER_PATHS = NO;
				ASSETCATALOG_COMPILER_GENERATE_SWIFT_ASSET_SYMBOL_EXTENSIONS = YES;
				CLANG_ANALYZER_NONNULL = YES;
				CLANG_ANALYZER_NUMBER_OBJECT_CONVERSION = YES_AGGRESSIVE;
				CLANG_CXX_LANGUAGE_STANDARD = "gnu++20";
				CLANG_ENABLE_MODULES = YES;
				CLANG_ENABLE_OBJC_ARC = YES;
				CLANG_ENABLE_OBJC_WEAK = YES;
				CLANG_WARN_BLOCK_CAPTURE_AUTORELEASING = YES;
				CLANG_WARN_BOOL_CONVERSION = YES;
				CLANG_WARN_COMMA = YES;
				CLANG_WARN_CONSTANT_CONVERSION = YES;
				CLANG_WARN_DEPRECATED_OBJC_IMPLEMENTATIONS = YES;
				CLANG_WARN_DIRECT_OBJC_ISA_USAGE = YES_ERROR;
				CLANG_WARN_DOCUMENTATION_COMMENTS = YES;
				CLANG_WARN_EMPTY_BODY = YES;
				CLANG_WARN_ENUM_CONVERSION = YES;
				CLANG_WARN_INFINITE_RECURSION = YES;
				CLANG_WARN_INT_CONVERSION = YES;
				CLANG_WARN_NON_LITERAL_NULL_CONVERSION = YES;
				CLANG_WARN_OBJC_IMPLICIT_RETAIN_SELF = YES;
				CLANG_WARN_OBJC_LITERAL_CONVERSION = YES;
				CLANG_WARN_OBJC_ROOT_CLASS = YES_ERROR;
				CLANG_WARN_QUOTED_INCLUDE_IN_FRAMEWORK_HEADER = YES;
				CLANG_WARN_RANGE_LOOP_ANALYSIS = YES;
				CLANG_WARN_STRICT_PROTOTYPES = YES;
				CLANG_WARN_SUSPICIOUS_MOVE = YES;
				CLANG_WARN_UNGUARDED_AVAILABILITY = YES_AGGRESSIVE;
				CLANG_WARN_UNREACHABLE_CODE = YES;
				CLANG_WARN__DUPLICATE_METHOD_MATCH = YES;
				COPY_PHASE_STRIP = NO;
				DEAD_CODE_STRIPPING = YES;
				DEBUG_INFORMATION_FORMAT = dwarf;
				ENABLE_STRICT_OBJC_MSGSEND = YES;
				ENABLE_TESTABILITY = YES;
				ENABLE_USER_SCRIPT_SANDBOXING = YES;
				GCC_C_LANGUAGE_STANDARD = gnu17;
				GCC_DYNAMIC_NO_PIC = NO;
				GCC_NO_COMMON_BLOCKS = YES;
				GCC_OPTIMIZATION_LEVEL = 0;
				GCC_PREPROCESSOR_DEFINITIONS = (
					"DEBUG=1",
					"$(inherited)",
				);
				GCC_WARN_64_TO_32_BIT_CONVERSION = YES;
				GCC_WARN_ABOUT_RETURN_TYPE = YES_ERROR;
				GCC_WARN_UNDECLARED_SELECTOR = YES;
				GCC_WARN_UNINITIALIZED_AUTOS = YES_AGGRESSIVE;
				GCC_WARN_UNUSED_FUNCTION = YES;
				GCC_WARN_UNUSED_VARIABLE = YES;
				LOCALIZATION_PREFERS_STRING_CATALOGS = YES;
				MTL_ENABLE_DEBUG_INFO = INCLUDE_SOURCE;
				MTL_FAST_MATH = YES;
				ONLY_ACTIVE_ARCH = YES;
				SWIFT_ACTIVE_COMPILATION_CONDITIONS = "DEBUG $(inherited)";
				SWIFT_OPTIMIZATION_LEVEL = "-Onone";
			};
			name = Debug;
		};
		2BBE37E92BF1F4630026DDBA /* Release */ = {
			isa = XCBuildConfiguration;
			buildSettings = {
				ALWAYS_SEARCH_USER_PATHS = NO;
				ASSETCATALOG_COMPILER_GENERATE_SWIFT_ASSET_SYMBOL_EXTENSIONS = YES;
				CLANG_ANALYZER_NONNULL = YES;
				CLANG_ANALYZER_NUMBER_OBJECT_CONVERSION = YES_AGGRESSIVE;
				CLANG_CXX_LANGUAGE_STANDARD = "gnu++20";
				CLANG_ENABLE_MODULES = YES;
				CLANG_ENABLE_OBJC_ARC = YES;
				CLANG_ENABLE_OBJC_WEAK = YES;
				CLANG_WARN_BLOCK_CAPTURE_AUTORELEASING = YES;
				CLANG_WARN_BOOL_CONVERSION = YES;
				CLANG_WARN_COMMA = YES;
				CLANG_WARN_CONSTANT_CONVERSION = YES;
				CLANG_WARN_DEPRECATED_OBJC_IMPLEMENTATIONS = YES;
				CLANG_WARN_DIRECT_OBJC_ISA_USAGE = YES_ERROR;
				CLANG_WARN_DOCUMENTATION_COMMENTS = YES;
				CLANG_WARN_EMPTY_BODY = YES;
				CLANG_WARN_ENUM_CONVERSION = YES;
				CLANG_WARN_INFINITE_RECURSION = YES;
				CLANG_WARN_INT_CONVERSION = YES;
				CLANG_WARN_NON_LITERAL_NULL_CONVERSION = YES;
				CLANG_WARN_OBJC_IMPLICIT_RETAIN_SELF = YES;
				CLANG_WARN_OBJC_LITERAL_CONVERSION = YES;
				CLANG_WARN_OBJC_ROOT_CLASS = YES_ERROR;
				CLANG_WARN_QUOTED_INCLUDE_IN_FRAMEWORK_HEADER = YES;
				CLANG_WARN_RANGE_LOOP_ANALYSIS = YES;
				CLANG_WARN_STRICT_PROTOTYPES = YES;
				CLANG_WARN_SUSPICIOUS_MOVE = YES;
				CLANG_WARN_UNGUARDED_AVAILABILITY = YES_AGGRESSIVE;
				CLANG_WARN_UNREACHABLE_CODE = YES;
				CLANG_WARN__DUPLICATE_METHOD_MATCH = YES;
				COPY_PHASE_STRIP = NO;
				DEAD_CODE_STRIPPING = YES;
				DEBUG_INFORMATION_FORMAT = "dwarf-with-dsym";
				ENABLE_NS_ASSERTIONS = NO;
				ENABLE_STRICT_OBJC_MSGSEND = YES;
				ENABLE_USER_SCRIPT_SANDBOXING = YES;
				GCC_C_LANGUAGE_STANDARD = gnu17;
				GCC_NO_COMMON_BLOCKS = YES;
				GCC_WARN_64_TO_32_BIT_CONVERSION = YES;
				GCC_WARN_ABOUT_RETURN_TYPE = YES_ERROR;
				GCC_WARN_UNDECLARED_SELECTOR = YES;
				GCC_WARN_UNINITIALIZED_AUTOS = YES_AGGRESSIVE;
				GCC_WARN_UNUSED_FUNCTION = YES;
				GCC_WARN_UNUSED_VARIABLE = YES;
				LOCALIZATION_PREFERS_STRING_CATALOGS = YES;
				MTL_ENABLE_DEBUG_INFO = NO;
				MTL_FAST_MATH = YES;
				SWIFT_COMPILATION_MODE = wholemodule;
			};
			name = Release;
		};
		2BBE37EB2BF1F4630026DDBA /* Debug */ = {
			isa = XCBuildConfiguration;
			buildSettings = {
				ALWAYS_EMBED_SWIFT_STANDARD_LIBRARIES = YES;
				ASSETCATALOG_COMPILER_APPICON_NAME = AppIcon;
				ASSETCATALOG_COMPILER_GLOBAL_ACCENT_COLOR_NAME = AccentColor;
				CODE_SIGN_IDENTITY = "Apple Development";
				CODE_SIGN_STYLE = Automatic;
				CURRENT_PROJECT_VERSION = 1;
				DEVELOPMENT_ASSET_PATHS = "\"BasicWatch Watch App/Preview Content\"";
				DEVELOPMENT_TEAM = N2K3R4X37B;
				ENABLE_PREVIEWS = YES;
				GENERATE_INFOPLIST_FILE = YES;
				INFOPLIST_FILE = "BasicWatch-Watch-App-Info.plist";
				INFOPLIST_KEY_CFBundleDisplayName = "Reminder Cico";
				INFOPLIST_KEY_UISupportedInterfaceOrientations = "UIInterfaceOrientationPortrait UIInterfaceOrientationPortraitUpsideDown";
				INFOPLIST_KEY_WKCompanionAppBundleIdentifier = "";
				LD_RUNPATH_SEARCH_PATHS = (
					"$(inherited)",
					"@executable_path/Frameworks",
				);
				MARKETING_VERSION = 1.0;
				PRODUCT_BUNDLE_IDENTIFIER = com.yourpet.BasicWatch;
				PRODUCT_NAME = "$(TARGET_NAME)";
				PROVISIONING_PROFILE_SPECIFIER = "";
				SDKROOT = watchos;
				SKIP_INSTALL = YES;
				SWIFT_EMIT_LOC_STRINGS = YES;
				SWIFT_VERSION = 5.0;
				TARGETED_DEVICE_FAMILY = 4;
				WATCHOS_DEPLOYMENT_TARGET = 10.4;
			};
			name = Debug;
		};
		2BBE37EC2BF1F4630026DDBA /* Release */ = {
			isa = XCBuildConfiguration;
			buildSettings = {
				ALWAYS_EMBED_SWIFT_STANDARD_LIBRARIES = YES;
				ASSETCATALOG_COMPILER_APPICON_NAME = AppIcon;
				ASSETCATALOG_COMPILER_GLOBAL_ACCENT_COLOR_NAME = AccentColor;
				CODE_SIGN_IDENTITY = "Apple Development";
				CODE_SIGN_STYLE = Automatic;
				CURRENT_PROJECT_VERSION = 1;
				DEVELOPMENT_ASSET_PATHS = "\"BasicWatch Watch App/Preview Content\"";
				DEVELOPMENT_TEAM = N2K3R4X37B;
				ENABLE_PREVIEWS = YES;
				GENERATE_INFOPLIST_FILE = YES;
				INFOPLIST_FILE = "BasicWatch-Watch-App-Info.plist";
				INFOPLIST_KEY_CFBundleDisplayName = "Reminder Cico";
				INFOPLIST_KEY_UISupportedInterfaceOrientations = "UIInterfaceOrientationPortrait UIInterfaceOrientationPortraitUpsideDown";
				INFOPLIST_KEY_WKCompanionAppBundleIdentifier = "";
				LD_RUNPATH_SEARCH_PATHS = (
					"$(inherited)",
					"@executable_path/Frameworks",
				);
				MARKETING_VERSION = 1.0;
				PRODUCT_BUNDLE_IDENTIFIER = com.yourpet.BasicWatch;
				PRODUCT_NAME = "$(TARGET_NAME)";
				PROVISIONING_PROFILE_SPECIFIER = "";
				SDKROOT = watchos;
				SKIP_INSTALL = YES;
				SWIFT_EMIT_LOC_STRINGS = YES;
				SWIFT_VERSION = 5.0;
				TARGETED_DEVICE_FAMILY = 4;
				VALIDATE_PRODUCT = YES;
				WATCHOS_DEPLOYMENT_TARGET = 10.4;
			};
			name = Release;
		};
		2BBE37EE2BF1F4630026DDBA /* Debug */ = {
			isa = XCBuildConfiguration;
			buildSettings = {
				ALWAYS_EMBED_SWIFT_STANDARD_LIBRARIES = YES;
				BUNDLE_LOADER = "$(TEST_HOST)";
				CODE_SIGN_STYLE = Automatic;
				CURRENT_PROJECT_VERSION = 1;
				DEVELOPMENT_TEAM = N2K3R4X37B;
				GENERATE_INFOPLIST_FILE = YES;
				MARKETING_VERSION = 1.0;
				PRODUCT_BUNDLE_IDENTIFIER = "com.yourpet.BasicWatch-Watch-AppTests";
				PRODUCT_NAME = "$(TARGET_NAME)";
				SDKROOT = watchos;
				SWIFT_EMIT_LOC_STRINGS = NO;
				SWIFT_VERSION = 5.0;
				TARGETED_DEVICE_FAMILY = 4;
				TEST_HOST = "$(BUILT_PRODUCTS_DIR)/BasicWatch Watch App.app/$(BUNDLE_EXECUTABLE_FOLDER_PATH)/BasicWatch Watch App";
				WATCHOS_DEPLOYMENT_TARGET = 10.4;
			};
			name = Debug;
		};
		2BBE37EF2BF1F4630026DDBA /* Release */ = {
			isa = XCBuildConfiguration;
			buildSettings = {
				ALWAYS_EMBED_SWIFT_STANDARD_LIBRARIES = YES;
				BUNDLE_LOADER = "$(TEST_HOST)";
				CODE_SIGN_STYLE = Automatic;
				CURRENT_PROJECT_VERSION = 1;
				DEVELOPMENT_TEAM = N2K3R4X37B;
				GENERATE_INFOPLIST_FILE = YES;
				MARKETING_VERSION = 1.0;
				PRODUCT_BUNDLE_IDENTIFIER = "com.yourpet.BasicWatch-Watch-AppTests";
				PRODUCT_NAME = "$(TARGET_NAME)";
				SDKROOT = watchos;
				SWIFT_EMIT_LOC_STRINGS = NO;
				SWIFT_VERSION = 5.0;
				TARGETED_DEVICE_FAMILY = 4;
				TEST_HOST = "$(BUILT_PRODUCTS_DIR)/BasicWatch Watch App.app/$(BUNDLE_EXECUTABLE_FOLDER_PATH)/BasicWatch Watch App";
				VALIDATE_PRODUCT = YES;
				WATCHOS_DEPLOYMENT_TARGET = 10.4;
			};
			name = Release;
		};
		2BBE37F12BF1F4630026DDBA /* Debug */ = {
			isa = XCBuildConfiguration;
			buildSettings = {
				ALWAYS_EMBED_SWIFT_STANDARD_LIBRARIES = YES;
				CODE_SIGN_STYLE = Automatic;
				CURRENT_PROJECT_VERSION = 1;
				DEVELOPMENT_TEAM = N2K3R4X37B;
				GENERATE_INFOPLIST_FILE = YES;
				MARKETING_VERSION = 1.0;
				PRODUCT_BUNDLE_IDENTIFIER = "com.yourpet.BasicWatch-Watch-AppUITests";
				PRODUCT_NAME = "$(TARGET_NAME)";
				SDKROOT = watchos;
				SWIFT_EMIT_LOC_STRINGS = NO;
				SWIFT_VERSION = 5.0;
				TARGETED_DEVICE_FAMILY = 4;
				TEST_TARGET_NAME = "BasicWatch Watch App";
				WATCHOS_DEPLOYMENT_TARGET = 10.4;
			};
			name = Debug;
		};
		2BBE37F22BF1F4630026DDBA /* Release */ = {
			isa = XCBuildConfiguration;
			buildSettings = {
				ALWAYS_EMBED_SWIFT_STANDARD_LIBRARIES = YES;
				CODE_SIGN_STYLE = Automatic;
				CURRENT_PROJECT_VERSION = 1;
				DEVELOPMENT_TEAM = N2K3R4X37B;
				GENERATE_INFOPLIST_FILE = YES;
				MARKETING_VERSION = 1.0;
				PRODUCT_BUNDLE_IDENTIFIER = "com.yourpet.BasicWatch-Watch-AppUITests";
				PRODUCT_NAME = "$(TARGET_NAME)";
				SDKROOT = watchos;
				SWIFT_EMIT_LOC_STRINGS = NO;
				SWIFT_VERSION = 5.0;
				TARGETED_DEVICE_FAMILY = 4;
				TEST_TARGET_NAME = "BasicWatch Watch App";
				VALIDATE_PRODUCT = YES;
				WATCHOS_DEPLOYMENT_TARGET = 10.4;
			};
			name = Release;
		};
/* End XCBuildConfiguration section */

/* Begin XCConfigurationList section */
		2B3691BB2BFB4E7000203F7C /* Build configuration list for PBXNativeTarget "ReminderCico" */ = {
			isa = XCConfigurationList;
			buildConfigurations = (
				2B3691BC2BFB4E7000203F7C /* Debug */,
				2B3691BD2BFB4E7000203F7C /* Release */,
			);
			defaultConfigurationIsVisible = 0;
			defaultConfigurationName = Release;
		};
		2B3691BE2BFB4E7000203F7C /* Build configuration list for PBXNativeTarget "ReminderCicoTests" */ = {
			isa = XCConfigurationList;
			buildConfigurations = (
				2B3691BF2BFB4E7000203F7C /* Debug */,
				2B3691C02BFB4E7000203F7C /* Release */,
			);
			defaultConfigurationIsVisible = 0;
			defaultConfigurationName = Release;
		};
		2B3691C12BFB4E7000203F7C /* Build configuration list for PBXNativeTarget "ReminderCicoUITests" */ = {
			isa = XCConfigurationList;
			buildConfigurations = (
				2B3691C22BFB4E7000203F7C /* Debug */,
				2B3691C32BFB4E7000203F7C /* Release */,
			);
			defaultConfigurationIsVisible = 0;
			defaultConfigurationName = Release;
		};
		2BBE37C12BF1F4620026DDBA /* Build configuration list for PBXProject "BasicWatch" */ = {
			isa = XCConfigurationList;
			buildConfigurations = (
				2BBE37E82BF1F4630026DDBA /* Debug */,
				2BBE37E92BF1F4630026DDBA /* Release */,
			);
			defaultConfigurationIsVisible = 0;
			defaultConfigurationName = Release;
		};
		2BBE37EA2BF1F4630026DDBA /* Build configuration list for PBXNativeTarget "BasicWatch Watch App" */ = {
			isa = XCConfigurationList;
			buildConfigurations = (
				2BBE37EB2BF1F4630026DDBA /* Debug */,
				2BBE37EC2BF1F4630026DDBA /* Release */,
			);
			defaultConfigurationIsVisible = 0;
			defaultConfigurationName = Release;
		};
		2BBE37ED2BF1F4630026DDBA /* Build configuration list for PBXNativeTarget "BasicWatch Watch AppTests" */ = {
			isa = XCConfigurationList;
			buildConfigurations = (
				2BBE37EE2BF1F4630026DDBA /* Debug */,
				2BBE37EF2BF1F4630026DDBA /* Release */,
			);
			defaultConfigurationIsVisible = 0;
			defaultConfigurationName = Release;
		};
		2BBE37F02BF1F4630026DDBA /* Build configuration list for PBXNativeTarget "BasicWatch Watch AppUITests" */ = {
			isa = XCConfigurationList;
			buildConfigurations = (
				2BBE37F12BF1F4630026DDBA /* Debug */,
				2BBE37F22BF1F4630026DDBA /* Release */,
			);
			defaultConfigurationIsVisible = 0;
			defaultConfigurationName = Release;
		};
/* End XCConfigurationList section */
	};
	rootObject = 2BBE37BE2BF1F4620026DDBA /* Project object */;
}
